// !$*UTF8*$!
{
	archiveVersion = 1;
	classes = {
	};
	objectVersion = 50;
	objects = {

/* Begin PBXBuildFile section */
		AE17B8B42318F42C00830BF3 /* AppDelegate.m in Sources */ = {isa = PBXBuildFile; fileRef = AE17B8B32318F42C00830BF3 /* AppDelegate.m */; };
		AE17B8B72318F42C00830BF3 /* ViewController.m in Sources */ = {isa = PBXBuildFile; fileRef = AE17B8B62318F42C00830BF3 /* ViewController.m */; };
		AE17B8BA2318F42C00830BF3 /* Main.storyboard in Resources */ = {isa = PBXBuildFile; fileRef = AE17B8B82318F42C00830BF3 /* Main.storyboard */; };
		AE17B8BC2318F42C00830BF3 /* Assets.xcassets in Resources */ = {isa = PBXBuildFile; fileRef = AE17B8BB2318F42C00830BF3 /* Assets.xcassets */; };
		AE17B8BF2318F42C00830BF3 /* LaunchScreen.storyboard in Resources */ = {isa = PBXBuildFile; fileRef = AE17B8BD2318F42C00830BF3 /* LaunchScreen.storyboard */; };
		AE17B8C22318F42C00830BF3 /* main.m in Sources */ = {isa = PBXBuildFile; fileRef = AE17B8C12318F42C00830BF3 /* main.m */; };
/* End PBXBuildFile section */

/* Begin PBXFileReference section */
		AE17B8AF2318F42C00830BF3 /* ios-package.app */ = {isa = PBXFileReference; explicitFileType = wrapper.application; includeInIndex = 0; path = "ios-package.app"; sourceTree = BUILT_PRODUCTS_DIR; };
		AE17B8B22318F42C00830BF3 /* AppDelegate.h */ = {isa = PBXFileReference; lastKnownFileType = sourcecode.c.h; path = AppDelegate.h; sourceTree = "<group>"; };
		AE17B8B32318F42C00830BF3 /* AppDelegate.m */ = {isa = PBXFileReference; lastKnownFileType = sourcecode.c.objc; path = AppDelegate.m; sourceTree = "<group>"; };
		AE17B8B52318F42C00830BF3 /* ViewController.h */ = {isa = PBXFileReference; lastKnownFileType = sourcecode.c.h; path = ViewController.h; sourceTree = "<group>"; };
		AE17B8B62318F42C00830BF3 /* ViewController.m */ = {isa = PBXFileReference; lastKnownFileType = sourcecode.c.objc; path = ViewController.m; sourceTree = "<group>"; };
		AE17B8B92318F42C00830BF3 /* Base */ = {isa = PBXFileReference; lastKnownFileType = file.storyboard; name = Base; path = Base.lproj/Main.storyboard; sourceTree = "<group>"; };
		AE17B8BB2318F42C00830BF3 /* Assets.xcassets */ = {isa = PBXFileReference; lastKnownFileType = folder.assetcatalog; path = Assets.xcassets; sourceTree = "<group>"; };
		AE17B8BE2318F42C00830BF3 /* Base */ = {isa = PBXFileReference; lastKnownFileType = file.storyboard; name = Base; path = Base.lproj/LaunchScreen.storyboard; sourceTree = "<group>"; };
		AE17B8C02318F42C00830BF3 /* Info.plist */ = {isa = PBXFileReference; lastKnownFileType = text.plist.xml; path = Info.plist; sourceTree = "<group>"; };
		AE17B8C12318F42C00830BF3 /* main.m */ = {isa = PBXFileReference; lastKnownFileType = sourcecode.c.objc; path = main.m; sourceTree = "<group>"; };
/* End PBXFileReference section */

/* Begin PBXFrameworksBuildPhase section */
		AE17B8AC2318F42C00830BF3 /* Frameworks */ = {
			isa = PBXFrameworksBuildPhase;
			buildActionMask = 2147483647;
			files = (
			);
			runOnlyForDeploymentPostprocessing = 0;
		};
/* End PBXFrameworksBuildPhase section */

/* Begin PBXGroup section */
		AE17B8A62318F42B00830BF3 = {
			isa = PBXGroup;
			children = (
				AE17B8B12318F42C00830BF3 /* ios-package */,
				AE17B8B02318F42C00830BF3 /* Products */,
			);
			sourceTree = "<group>";
		};
		AE17B8B02318F42C00830BF3 /* Products */ = {
			isa = PBXGroup;
			children = (
				AE17B8AF2318F42C00830BF3 /* ios-package.app */,
			);
			name = Products;
			sourceTree = "<group>";
		};
		AE17B8B12318F42C00830BF3 /* ios-package */ = {
			isa = PBXGroup;
			children = (
				AE17B8B22318F42C00830BF3 /* AppDelegate.h */,
				AE17B8B32318F42C00830BF3 /* AppDelegate.m */,
				AE17B8B52318F42C00830BF3 /* ViewController.h */,
				AE17B8B62318F42C00830BF3 /* ViewController.m */,
				AE17B8B82318F42C00830BF3 /* Main.storyboard */,
				AE17B8BB2318F42C00830BF3 /* Assets.xcassets */,
				AE17B8BD2318F42C00830BF3 /* LaunchScreen.storyboard */,
				AE17B8C02318F42C00830BF3 /* Info.plist */,
				AE17B8C12318F42C00830BF3 /* main.m */,
			);
			path = "ios-package";
			sourceTree = "<group>";
		};
/* End PBXGroup section */

/* Begin PBXNativeTarget section */
		AE17B8AE2318F42C00830BF3 /* ios-package */ = {
			isa = PBXNativeTarget;
			buildConfigurationList = AE17B8C52318F42C00830BF3 /* Build configuration list for PBXNativeTarget "ios-package" */;
			buildPhases = (
				AE17B8AB2318F42C00830BF3 /* Sources */,
				AE17B8AC2318F42C00830BF3 /* Frameworks */,
				AE17B8AD2318F42C00830BF3 /* Resources */,
			);
			buildRules = (
			);
			dependencies = (
			);
			name = "ios-package";
			productName = "ios-package";
			productReference = AE17B8AF2318F42C00830BF3 /* ios-package.app */;
			productType = "com.apple.product-type.application";
		};
/* End PBXNativeTarget section */

/* Begin PBXProject section */
		AE17B8A72318F42B00830BF3 /* Project object */ = {
			isa = PBXProject;
			attributes = {
				LastUpgradeCheck = 1020;
				ORGANIZATIONNAME = sunline;
				TargetAttributes = {
					AE17B8AE2318F42C00830BF3 = {
						CreatedOnToolsVersion = 10.2.1;
					};
				};
			};
			buildConfigurationList = AE17B8AA2318F42B00830BF3 /* Build configuration list for PBXProject "ios-package" */;
			compatibilityVersion = "Xcode 9.3";
			developmentRegion = en;
			hasScannedForEncodings = 0;
			knownRegions = (
				en,
				Base,
			);
			mainGroup = AE17B8A62318F42B00830BF3;
			productRefGroup = AE17B8B02318F42C00830BF3 /* Products */;
			projectDirPath = "";
			projectRoot = "";
			targets = (
				AE17B8AE2318F42C00830BF3 /* ios-package */,
			);
		};
/* End PBXProject section */

/* Begin PBXResourcesBuildPhase section */
		AE17B8AD2318F42C00830BF3 /* Resources */ = {
			isa = PBXResourcesBuildPhase;
			buildActionMask = 2147483647;
			files = (
				AE17B8BF2318F42C00830BF3 /* LaunchScreen.storyboard in Resources */,
				AE17B8BC2318F42C00830BF3 /* Assets.xcassets in Resources */,
				AE17B8BA2318F42C00830BF3 /* Main.storyboard in Resources */,
			);
			runOnlyForDeploymentPostprocessing = 0;
		};
/* End PBXResourcesBuildPhase section */

/* Begin PBXSourcesBuildPhase section */
		AE17B8AB2318F42C00830BF3 /* Sources */ = {
			isa = PBXSourcesBuildPhase;
			buildActionMask = 2147483647;
			files = (
				AE17B8B72318F42C00830BF3 /* ViewController.m in Sources */,
				AE17B8C22318F42C00830BF3 /* main.m in Sources */,
				AE17B8B42318F42C00830BF3 /* AppDelegate.m in Sources */,
			);
			runOnlyForDeploymentPostprocessing = 0;
		};
/* End PBXSourcesBuildPhase section */

/* Begin PBXVariantGroup section */
		AE17B8B82318F42C00830BF3 /* Main.storyboard */ = {
			isa = PBXVariantGroup;
			children = (
				AE17B8B92318F42C00830BF3 /* Base */,
			);
			name = Main.storyboard;
			sourceTree = "<group>";
		};
		AE17B8BD2318F42C00830BF3 /* LaunchScreen.storyboard */ = {
			isa = PBXVariantGroup;
			children = (
				AE17B8BE2318F42C00830BF3 /* Base */,
			);
			name = LaunchScreen.storyboard;
			sourceTree = "<group>";
		};
/* End PBXVariantGroup section */

/* Begin XCBuildConfiguration section */
		AE17B8C32318F42C00830BF3 /* Debug */ = {
			isa = XCBuildConfiguration;
			buildSettings = {
				ALWAYS_SEARCH_USER_PATHS = NO;
				CLANG_ANALYZER_NONNULL = YES;
				CLANG_ANALYZER_NUMBER_OBJECT_CONVERSION = YES_AGGRESSIVE;
				CLANG_CXX_LANGUAGE_STANDARD = "gnu++14";
				CLANG_CXX_LIBRARY = "libc++";
				CLANG_ENABLE_MODULES = YES;
				CLANG_ENABLE_OBJC_ARC = YES;
				CLANG_ENABLE_OBJC_WEAK = YES;
				CLANG_WARN_BLOCK_CAPTURE_AUTORELEASING = YES;
				CLANG_WARN_BOOL_CONVERSION = YES;
				CLANG_WARN_COMMA = YES;
				CLANG_WARN_CONSTANT_CONVERSION = YES;
				CLANG_WARN_DEPRECATED_OBJC_IMPLEMENTATIONS = YES;
				CLANG_WARN_DIRECT_OBJC_ISA_USAGE = YES_ERROR;
				CLANG_WARN_DOCUMENTATION_COMMENTS = YES;
				CLANG_WARN_EMPTY_BODY = YES;
				CLANG_WARN_ENUM_CONVERSION = YES;
				CLANG_WARN_INFINITE_RECURSION = YES;
				CLANG_WARN_INT_CONVERSION = YES;
				CLANG_WARN_NON_LITERAL_NULL_CONVERSION = YES;
				CLANG_WARN_OBJC_IMPLICIT_RETAIN_SELF = YES;
				CLANG_WARN_OBJC_LITERAL_CONVERSION = YES;
				CLANG_WARN_OBJC_ROOT_CLASS = YES_ERROR;
				CLANG_WARN_RANGE_LOOP_ANALYSIS = YES;
				CLANG_WARN_STRICT_PROTOTYPES = YES;
				CLANG_WARN_SUSPICIOUS_MOVE = YES;
				CLANG_WARN_UNGUARDED_AVAILABILITY = YES_AGGRESSIVE;
				CLANG_WARN_UNREACHABLE_CODE = YES;
				CLANG_WARN__DUPLICATE_METHOD_MATCH = YES;
				CODE_SIGN_IDENTITY = "iPhone Developer";
				COPY_PHASE_STRIP = NO;
				DEBUG_INFORMATION_FORMAT = dwarf;
				ENABLE_STRICT_OBJC_MSGSEND = YES;
				ENABLE_TESTABILITY = YES;
				GCC_C_LANGUAGE_STANDARD = gnu11;
				GCC_DYNAMIC_NO_PIC = NO;
				GCC_NO_COMMON_BLOCKS = YES;
				GCC_OPTIMIZATION_LEVEL = 0;
				GCC_PREPROCESSOR_DEFINITIONS = (
					"DEBUG=1",
					"$(inherited)",
				);
				GCC_WARN_64_TO_32_BIT_CONVERSION = YES;
				GCC_WARN_ABOUT_RETURN_TYPE = YES_ERROR;
				GCC_WARN_UNDECLARED_SELECTOR = YES;
				GCC_WARN_UNINITIALIZED_AUTOS = YES_AGGRESSIVE;
				GCC_WARN_UNUSED_FUNCTION = YES;
				GCC_WARN_UNUSED_VARIABLE = YES;
				IPHONEOS_DEPLOYMENT_TARGET = 12.2;
				MTL_ENABLE_DEBUG_INFO = INCLUDE_SOURCE;
				MTL_FAST_MATH = YES;
				ONLY_ACTIVE_ARCH = YES;
				SDKROOT = iphoneos;
			};
			name = Debug;
		};
		AE17B8C42318F42C00830BF3 /* Release */ = {
			isa = XCBuildConfiguration;
			buildSettings = {
				ALWAYS_SEARCH_USER_PATHS = NO;
				CLANG_ANALYZER_NONNULL = YES;
				CLANG_ANALYZER_NUMBER_OBJECT_CONVERSION = YES_AGGRESSIVE;
				CLANG_CXX_LANGUAGE_STANDARD = "gnu++14";
				CLANG_CXX_LIBRARY = "libc++";
				CLANG_ENABLE_MODULES = YES;
				CLANG_ENABLE_OBJC_ARC = YES;
				CLANG_ENABLE_OBJC_WEAK = YES;
				CLANG_WARN_BLOCK_CAPTURE_AUTORELEASING = YES;
				CLANG_WARN_BOOL_CONVERSION = YES;
				CLANG_WARN_COMMA = YES;
				CLANG_WARN_CONSTANT_CONVERSION = YES;
				CLANG_WARN_DEPRECATED_OBJC_IMPLEMENTATIONS = YES;
				CLANG_WARN_DIRECT_OBJC_ISA_USAGE = YES_ERROR;
				CLANG_WARN_DOCUMENTATION_COMMENTS = YES;
				CLANG_WARN_EMPTY_BODY = YES;
				CLANG_WARN_ENUM_CONVERSION = YES;
				CLANG_WARN_INFINITE_RECURSION = YES;
				CLANG_WARN_INT_CONVERSION = YES;
				CLANG_WARN_NON_LITERAL_NULL_CONVERSION = YES;
				CLANG_WARN_OBJC_IMPLICIT_RETAIN_SELF = YES;
				CLANG_WARN_OBJC_LITERAL_CONVERSION = YES;
				CLANG_WARN_OBJC_ROOT_CLASS = YES_ERROR;
				CLANG_WARN_RANGE_LOOP_ANALYSIS = YES;
				CLANG_WARN_STRICT_PROTOTYPES = YES;
				CLANG_WARN_SUSPICIOUS_MOVE = YES;
				CLANG_WARN_UNGUARDED_AVAILABILITY = YES_AGGRESSIVE;
				CLANG_WARN_UNREACHABLE_CODE = YES;
				CLANG_WARN__DUPLICATE_METHOD_MATCH = YES;
				CODE_SIGN_IDENTITY = "iPhone Developer";
				COPY_PHASE_STRIP = NO;
				DEBUG_INFORMATION_FORMAT = "dwarf-with-dsym";
				ENABLE_NS_ASSERTIONS = NO;
				ENABLE_STRICT_OBJC_MSGSEND = YES;
				GCC_C_LANGUAGE_STANDARD = gnu11;
				GCC_NO_COMMON_BLOCKS = YES;
				GCC_WARN_64_TO_32_BIT_CONVERSION = YES;
				GCC_WARN_ABOUT_RETURN_TYPE = YES_ERROR;
				GCC_WARN_UNDECLARED_SELECTOR = YES;
				GCC_WARN_UNINITIALIZED_AUTOS = YES_AGGRESSIVE;
				GCC_WARN_UNUSED_FUNCTION = YES;
				GCC_WARN_UNUSED_VARIABLE = YES;
				IPHONEOS_DEPLOYMENT_TARGET = 12.2;
				MTL_ENABLE_DEBUG_INFO = NO;
				MTL_FAST_MATH = YES;
				SDKROOT = iphoneos;
				VALIDATE_PRODUCT = YES;
			};
			name = Release;
		};
		AE17B8C62318F42C00830BF3 /* Debug */ = {
			isa = XCBuildConfiguration;
			buildSettings = {
				ASSETCATALOG_COMPILER_APPICON_NAME = AppIcon;
				CODE_SIGN_IDENTITY = "iPhone Distribution";
				CODE_SIGN_STYLE = Manual;
				DEVELOPMENT_TEAM = M7PXTCG24D;
				INFOPLIST_FILE = "ios-package/Info.plist";
				LD_RUNPATH_SEARCH_PATHS = (
					"$(inherited)",
					"@executable_path/Frameworks",
				);
				PRODUCT_BUNDLE_IDENTIFIER = com.sunline.iospackage;
				PRODUCT_NAME = "$(TARGET_NAME)";
				PROVISIONING_PROFILE_SPECIFIER = "iospackage-dis";
				TARGETED_DEVICE_FAMILY = "1,2";
			};
			name = Debug;
		};
		AE17B8C72318F42C00830BF3 /* Release */ = {
			isa = XCBuildConfiguration;
			buildSettings = {
				ASSETCATALOG_COMPILER_APPICON_NAME = AppIcon;
				CODE_SIGN_IDENTITY = "iPhone Distribution";
				CODE_SIGN_STYLE = Manual;
				DEVELOPMENT_TEAM = M7PXTCG24D;
				INFOPLIST_FILE = "ios-package/Info.plist";
				LD_RUNPATH_SEARCH_PATHS = (
					"$(inherited)",
					"@executable_path/Frameworks",
				);
				PRODUCT_BUNDLE_IDENTIFIER = com.sunline.iospackage;
				PRODUCT_NAME = "$(TARGET_NAME)";
				PROVISIONING_PROFILE_SPECIFIER = "iospackage-dis";
				TARGETED_DEVICE_FAMILY = "1,2";
			};
			name = Release;
		};
/* End XCBuildConfiguration section */

/* Begin XCConfigurationList section */
		AE17B8AA2318F42B00830BF3 /* Build configuration list for PBXProject "ios-package" */ = {
			isa = XCConfigurationList;
			buildConfigurations = (
				AE17B8C32318F42C00830BF3 /* Debug */,
				AE17B8C42318F42C00830BF3 /* Release */,
			);
			defaultConfigurationIsVisible = 0;
			defaultConfigurationName = Release;
		};
		AE17B8C52318F42C00830BF3 /* Build configuration list for PBXNativeTarget "ios-package" */ = {
			isa = XCConfigurationList;
			buildConfigurations = (
				AE17B8C62318F42C00830BF3 /* Debug */,
				AE17B8C72318F42C00830BF3 /* Release */,
			);
			defaultConfigurationIsVisible = 0;
			defaultConfigurationName = Release;
		};
/* End XCConfigurationList section */
	};
	rootObject = AE17B8A72318F42B00830BF3 /* Project object */;
}
